
Microsoft Visual Studio Solution File, Format Version 12.00
# Visual Studio Version 17
VisualStudioVersion = 17.5.33502.453
MinimumVisualStudioVersion = 10.0.40219.1
Project("{FAE04EC0-301F-11D3-BF4B-00C04F79EFBC}") = "Task_1", "Task_1\Task_1.csproj", "{DEAC450F-FAE2-4AA2-813B-02D4047C7C79}"
EndProject
Global
	GlobalSection(SolutionConfigurationPlatforms) = preSolution
		Debug|Any CPU = Debug|Any CPU
		Release|Any CPU = Release|Any CPU
	EndGlobalSection
	GlobalSection(ProjectConfigurationPlatforms) = postSolution
		{DEAC450F-FAE2-4AA2-813B-02D4047C7C79}.Debug|Any CPU.ActiveCfg = Debug|Any CPU
		{DEAC450F-FAE2-4AA2-813B-02D4047C7C79}.Debug|Any CPU.Build.0 = Debug|Any CPU
		{DEAC450F-FAE2-4AA2-813B-02D4047C7C79}.Release|Any CPU.ActiveCfg = Release|Any CPU
		{DEAC450F-FAE2-4AA2-813B-02D4047C7C79}.Release|Any CPU.Build.0 = Release|Any CPU
	EndGlobalSection
	GlobalSection(SolutionProperties) = preSolution
		HideSolutionNode = FALSE
	EndGlobalSection
	GlobalSection(ExtensibilityGlobals) = postSolution
		SolutionGuid = {E2358E4B-C00B-4F10-8236-707188DB644A}
	EndGlobalSection
EndGlobal
